// !$*UTF8*$!
{
	archiveVersion = 1;
	classes = {
	};
	objectVersion = 55;
	objects = {

/* Begin PBXBuildFile section */
		CF6072D327EF153C00AF3C50 /* MapViewController.swift in Sources */ = {isa = PBXBuildFile; fileRef = CF6072D227EF153C00AF3C50 /* MapViewController.swift */; };
		CF6072D527EF17DE00AF3C50 /* habitatViewController.swift in Sources */ = {isa = PBXBuildFile; fileRef = CF6072D427EF17DE00AF3C50 /* habitatViewController.swift */; };
		CF81510727EC4D6200556F76 /* AppDelegate.swift in Sources */ = {isa = PBXBuildFile; fileRef = CF81510627EC4D6200556F76 /* AppDelegate.swift */; };
		CF81510927EC4D6200556F76 /* SceneDelegate.swift in Sources */ = {isa = PBXBuildFile; fileRef = CF81510827EC4D6200556F76 /* SceneDelegate.swift */; };
		CF81510B27EC4D6200556F76 /* ViewController.swift in Sources */ = {isa = PBXBuildFile; fileRef = CF81510A27EC4D6200556F76 /* ViewController.swift */; };
		CF81510E27EC4D6200556F76 /* Main.storyboard in Resources */ = {isa = PBXBuildFile; fileRef = CF81510C27EC4D6200556F76 /* Main.storyboard */; };
		CF81511027EC4D6300556F76 /* Assets.xcassets in Resources */ = {isa = PBXBuildFile; fileRef = CF81510F27EC4D6300556F76 /* Assets.xcassets */; };
		CF81511327EC4D6300556F76 /* LaunchScreen.storyboard in Resources */ = {isa = PBXBuildFile; fileRef = CF81511127EC4D6300556F76 /* LaunchScreen.storyboard */; };
		CF81511B27EC4DB800556F76 /* MobileNetV2.mlmodel in Sources */ = {isa = PBXBuildFile; fileRef = CF81511A27EC4DB800556F76 /* MobileNetV2.mlmodel */; };
		CF81511D27EC4DC700556F76 /* dog1.jpeg in Resources */ = {isa = PBXBuildFile; fileRef = CF81511C27EC4DC700556F76 /* dog1.jpeg */; };
		CF81511F27EC4DD000556F76 /* bird2.jpeg in Resources */ = {isa = PBXBuildFile; fileRef = CF81511E27EC4DD000556F76 /* bird2.jpeg */; };
		CF81512127EC57FF00556F76 /* bird1.jpeg in Resources */ = {isa = PBXBuildFile; fileRef = CF81512027EC57FF00556F76 /* bird1.jpeg */; };
		CF81512327EC585C00556F76 /* car1.jpeg in Resources */ = {isa = PBXBuildFile; fileRef = CF81512227EC585C00556F76 /* car1.jpeg */; };
/* End PBXBuildFile section */

/* Begin PBXFileReference section */
		CF6072D227EF153C00AF3C50 /* MapViewController.swift */ = {isa = PBXFileReference; lastKnownFileType = sourcecode.swift; path = MapViewController.swift; sourceTree = "<group>"; };
		CF6072D427EF17DE00AF3C50 /* habitatViewController.swift */ = {isa = PBXFileReference; lastKnownFileType = sourcecode.swift; path = habitatViewController.swift; sourceTree = "<group>"; };
		CF81510327EC4D6200556F76 /* ImageRecognition.app */ = {isa = PBXFileReference; explicitFileType = wrapper.application; includeInIndex = 0; path = ImageRecognition.app; sourceTree = BUILT_PRODUCTS_DIR; };
		CF81510627EC4D6200556F76 /* AppDelegate.swift */ = {isa = PBXFileReference; lastKnownFileType = sourcecode.swift; path = AppDelegate.swift; sourceTree = "<group>"; };
		CF81510827EC4D6200556F76 /* SceneDelegate.swift */ = {isa = PBXFileReference; lastKnownFileType = sourcecode.swift; path = SceneDelegate.swift; sourceTree = "<group>"; };
		CF81510A27EC4D6200556F76 /* ViewController.swift */ = {isa = PBXFileReference; lastKnownFileType = sourcecode.swift; path = ViewController.swift; sourceTree = "<group>"; };
		CF81510D27EC4D6200556F76 /* Base */ = {isa = PBXFileReference; lastKnownFileType = file.storyboard; name = Base; path = Base.lproj/Main.storyboard; sourceTree = "<group>"; };
		CF81510F27EC4D6300556F76 /* Assets.xcassets */ = {isa = PBXFileReference; lastKnownFileType = folder.assetcatalog; path = Assets.xcassets; sourceTree = "<group>"; };
		CF81511227EC4D6300556F76 /* Base */ = {isa = PBXFileReference; lastKnownFileType = file.storyboard; name = Base; path = Base.lproj/LaunchScreen.storyboard; sourceTree = "<group>"; };
		CF81511427EC4D6300556F76 /* Info.plist */ = {isa = PBXFileReference; lastKnownFileType = text.plist.xml; path = Info.plist; sourceTree = "<group>"; };
		CF81511A27EC4DB800556F76 /* MobileNetV2.mlmodel */ = {isa = PBXFileReference; lastKnownFileType = file.mlmodel; path = MobileNetV2.mlmodel; sourceTree = "<group>"; };
		CF81511C27EC4DC700556F76 /* dog1.jpeg */ = {isa = PBXFileReference; lastKnownFileType = image.jpeg; path = dog1.jpeg; sourceTree = "<group>"; };
		CF81511E27EC4DD000556F76 /* bird2.jpeg */ = {isa = PBXFileReference; lastKnownFileType = image.jpeg; path = bird2.jpeg; sourceTree = "<group>"; };
		CF81512027EC57FF00556F76 /* bird1.jpeg */ = {isa = PBXFileReference; lastKnownFileType = image.jpeg; path = bird1.jpeg; sourceTree = "<group>"; };
		CF81512227EC585C00556F76 /* car1.jpeg */ = {isa = PBXFileReference; lastKnownFileType = image.jpeg; path = car1.jpeg; sourceTree = "<group>"; };
/* End PBXFileReference section */

/* Begin PBXFrameworksBuildPhase section */
		CF81510027EC4D6200556F76 /* Frameworks */ = {
			isa = PBXFrameworksBuildPhase;
			buildActionMask = 2147483647;
			files = (
			);
			runOnlyForDeploymentPostprocessing = 0;
		};
/* End PBXFrameworksBuildPhase section */

/* Begin PBXGroup section */
		CF8150FA27EC4D6100556F76 = {
			isa = PBXGroup;
			children = (
				CF81510527EC4D6200556F76 /* ImageRecognition */,
				CF81510427EC4D6200556F76 /* Products */,
			);
			sourceTree = "<group>";
		};
		CF81510427EC4D6200556F76 /* Products */ = {
			isa = PBXGroup;
			children = (
				CF81510327EC4D6200556F76 /* ImageRecognition.app */,
			);
			name = Products;
			sourceTree = "<group>";
		};
		CF81510527EC4D6200556F76 /* ImageRecognition */ = {
			isa = PBXGroup;
			children = (
				CF81510627EC4D6200556F76 /* AppDelegate.swift */,
				CF81511A27EC4DB800556F76 /* MobileNetV2.mlmodel */,
				CF81512027EC57FF00556F76 /* bird1.jpeg */,
				CF81510827EC4D6200556F76 /* SceneDelegate.swift */,
				CF81511E27EC4DD000556F76 /* bird2.jpeg */,
				CF81512227EC585C00556F76 /* car1.jpeg */,
				CF81511C27EC4DC700556F76 /* dog1.jpeg */,
				CF81510A27EC4D6200556F76 /* ViewController.swift */,
				CF6072D427EF17DE00AF3C50 /* habitatViewController.swift */,
				CF6072D227EF153C00AF3C50 /* MapViewController.swift */,
				CF81510C27EC4D6200556F76 /* Main.storyboard */,
				CF81510F27EC4D6300556F76 /* Assets.xcassets */,
				CF81511127EC4D6300556F76 /* LaunchScreen.storyboard */,
				CF81511427EC4D6300556F76 /* Info.plist */,
			);
			path = ImageRecognition;
			sourceTree = "<group>";
		};
/* End PBXGroup section */

/* Begin PBXNativeTarget section */
		CF81510227EC4D6200556F76 /* ImageRecognition */ = {
			isa = PBXNativeTarget;
			buildConfigurationList = CF81511727EC4D6300556F76 /* Build configuration list for PBXNativeTarget "ImageRecognition" */;
			buildPhases = (
				CF8150FF27EC4D6200556F76 /* Sources */,
				CF81510027EC4D6200556F76 /* Frameworks */,
				CF81510127EC4D6200556F76 /* Resources */,
			);
			buildRules = (
			);
			dependencies = (
			);
			name = ImageRecognition;
			productName = ImageRecognition;
			productReference = CF81510327EC4D6200556F76 /* ImageRecognition.app */;
			productType = "com.apple.product-type.application";
		};
/* End PBXNativeTarget section */

/* Begin PBXProject section */
		CF8150FB27EC4D6100556F76 /* Project object */ = {
			isa = PBXProject;
			attributes = {
				BuildIndependentTargetsInParallel = 1;
				LastSwiftUpdateCheck = 1330;
				LastUpgradeCheck = 1330;
				TargetAttributes = {
					CF81510227EC4D6200556F76 = {
						CreatedOnToolsVersion = 13.3;
					};
				};
			};
			buildConfigurationList = CF8150FE27EC4D6100556F76 /* Build configuration list for PBXProject "ImageRecognition" */;
			compatibilityVersion = "Xcode 13.0";
			developmentRegion = en;
			hasScannedForEncodings = 0;
			knownRegions = (
				en,
				Base,
			);
			mainGroup = CF8150FA27EC4D6100556F76;
			productRefGroup = CF81510427EC4D6200556F76 /* Products */;
			projectDirPath = "";
			projectRoot = "";
			targets = (
				CF81510227EC4D6200556F76 /* ImageRecognition */,
			);
		};
/* End PBXProject section */

/* Begin PBXResourcesBuildPhase section */
		CF81510127EC4D6200556F76 /* Resources */ = {
			isa = PBXResourcesBuildPhase;
			buildActionMask = 2147483647;
			files = (
				CF81511D27EC4DC700556F76 /* dog1.jpeg in Resources */,
				CF81511327EC4D6300556F76 /* LaunchScreen.storyboard in Resources */,
				CF81512127EC57FF00556F76 /* bird1.jpeg in Resources */,
				CF81511027EC4D6300556F76 /* Assets.xcassets in Resources */,
				CF81511F27EC4DD000556F76 /* bird2.jpeg in Resources */,
				CF81510E27EC4D6200556F76 /* Main.storyboard in Resources */,
				CF81512327EC585C00556F76 /* car1.jpeg in Resources */,
			);
			runOnlyForDeploymentPostprocessing = 0;
		};
/* End PBXResourcesBuildPhase section */

/* Begin PBXSourcesBuildPhase section */
		CF8150FF27EC4D6200556F76 /* Sources */ = {
			isa = PBXSourcesBuildPhase;
			buildActionMask = 2147483647;
			files = (
				CF81510B27EC4D6200556F76 /* ViewController.swift in Sources */,
				CF81510727EC4D6200556F76 /* AppDelegate.swift in Sources */,
				CF6072D527EF17DE00AF3C50 /* habitatViewController.swift in Sources */,
				CF81511B27EC4DB800556F76 /* MobileNetV2.mlmodel in Sources */,
				CF6072D327EF153C00AF3C50 /* MapViewController.swift in Sources */,
				CF81510927EC4D6200556F76 /* SceneDelegate.swift in Sources */,
			);
			runOnlyForDeploymentPostprocessing = 0;
		};
/* End PBXSourcesBuildPhase section */

/* Begin PBXVariantGroup section */
		CF81510C27EC4D6200556F76 /* Main.storyboard */ = {
			isa = PBXVariantGroup;
			children = (
				CF81510D27EC4D6200556F76 /* Base */,
			);
			name = Main.storyboard;
			sourceTree = "<group>";
		};
		CF81511127EC4D6300556F76 /* LaunchScreen.storyboard */ = {
			isa = PBXVariantGroup;
			children = (
				CF81511227EC4D6300556F76 /* Base */,
			);
			name = LaunchScreen.storyboard;
			sourceTree = "<group>";
		};
/* End PBXVariantGroup section */

/* Begin XCBuildConfiguration section */
		CF81511527EC4D6300556F76 /* Debug */ = {
			isa = XCBuildConfiguration;
			buildSettings = {
				ALWAYS_SEARCH_USER_PATHS = NO;
				CLANG_ANALYZER_NONNULL = YES;
				CLANG_ANALYZER_NUMBER_OBJECT_CONVERSION = YES_AGGRESSIVE;
				CLANG_CXX_LANGUAGE_STANDARD = "gnu++17";
				CLANG_ENABLE_MODULES = YES;
				CLANG_ENABLE_OBJC_ARC = YES;
				CLANG_ENABLE_OBJC_WEAK = YES;
				CLANG_WARN_BLOCK_CAPTURE_AUTORELEASING = YES;
				CLANG_WARN_BOOL_CONVERSION = YES;
				CLANG_WARN_COMMA = YES;
				CLANG_WARN_CONSTANT_CONVERSION = YES;
				CLANG_WARN_DEPRECATED_OBJC_IMPLEMENTATIONS = YES;
				CLANG_WARN_DIRECT_OBJC_ISA_USAGE = YES_ERROR;
				CLANG_WARN_DOCUMENTATION_COMMENTS = YES;
				CLANG_WARN_EMPTY_BODY = YES;
				CLANG_WARN_ENUM_CONVERSION = YES;
				CLANG_WARN_INFINITE_RECURSION = YES;
				CLANG_WARN_INT_CONVERSION = YES;
				CLANG_WARN_NON_LITERAL_NULL_CONVERSION = YES;
				CLANG_WARN_OBJC_IMPLICIT_RETAIN_SELF = YES;
				CLANG_WARN_OBJC_LITERAL_CONVERSION = YES;
				CLANG_WARN_OBJC_ROOT_CLASS = YES_ERROR;
				CLANG_WARN_QUOTED_INCLUDE_IN_FRAMEWORK_HEADER = YES;
				CLANG_WARN_RANGE_LOOP_ANALYSIS = YES;
				CLANG_WARN_STRICT_PROTOTYPES = YES;
				CLANG_WARN_SUSPICIOUS_MOVE = YES;
				CLANG_WARN_UNGUARDED_AVAILABILITY = YES_AGGRESSIVE;
				CLANG_WARN_UNREACHABLE_CODE = YES;
				CLANG_WARN__DUPLICATE_METHOD_MATCH = YES;
				COPY_PHASE_STRIP = NO;
				DEBUG_INFORMATION_FORMAT = dwarf;
				ENABLE_STRICT_OBJC_MSGSEND = YES;
				ENABLE_TESTABILITY = YES;
				GCC_C_LANGUAGE_STANDARD = gnu11;
				GCC_DYNAMIC_NO_PIC = NO;
				GCC_NO_COMMON_BLOCKS = YES;
				GCC_OPTIMIZATION_LEVEL = 0;
				GCC_PREPROCESSOR_DEFINITIONS = (
					"DEBUG=1",
					"$(inherited)",
				);
				GCC_WARN_64_TO_32_BIT_CONVERSION = YES;
				GCC_WARN_ABOUT_RETURN_TYPE = YES_ERROR;
				GCC_WARN_UNDECLARED_SELECTOR = YES;
				GCC_WARN_UNINITIALIZED_AUTOS = YES_AGGRESSIVE;
				GCC_WARN_UNUSED_FUNCTION = YES;
				GCC_WARN_UNUSED_VARIABLE = YES;
				IPHONEOS_DEPLOYMENT_TARGET = 15.0;
				MTL_ENABLE_DEBUG_INFO = INCLUDE_SOURCE;
				MTL_FAST_MATH = YES;
				ONLY_ACTIVE_ARCH = YES;
				SDKROOT = iphoneos;
				SWIFT_ACTIVE_COMPILATION_CONDITIONS = DEBUG;
				SWIFT_OPTIMIZATION_LEVEL = "-Onone";
			};
			name = Debug;
		};
		CF81511627EC4D6300556F76 /* Release */ = {
			isa = XCBuildConfiguration;
			buildSettings = {
				ALWAYS_SEARCH_USER_PATHS = NO;
				CLANG_ANALYZER_NONNULL = YES;
				CLANG_ANALYZER_NUMBER_OBJECT_CONVERSION = YES_AGGRESSIVE;
				CLANG_CXX_LANGUAGE_STANDARD = "gnu++17";
				CLANG_ENABLE_MODULES = YES;
				CLANG_ENABLE_OBJC_ARC = YES;
				CLANG_ENABLE_OBJC_WEAK = YES;
				CLANG_WARN_BLOCK_CAPTURE_AUTORELEASING = YES;
				CLANG_WARN_BOOL_CONVERSION = YES;
				CLANG_WARN_COMMA = YES;
				CLANG_WARN_CONSTANT_CONVERSION = YES;
				CLANG_WARN_DEPRECATED_OBJC_IMPLEMENTATIONS = YES;
				CLANG_WARN_DIRECT_OBJC_ISA_USAGE = YES_ERROR;
				CLANG_WARN_DOCUMENTATION_COMMENTS = YES;
				CLANG_WARN_EMPTY_BODY = YES;
				CLANG_WARN_ENUM_CONVERSION = YES;
				CLANG_WARN_INFINITE_RECURSION = YES;
				CLANG_WARN_INT_CONVERSION = YES;
				CLANG_WARN_NON_LITERAL_NULL_CONVERSION = YES;
				CLANG_WARN_OBJC_IMPLICIT_RETAIN_SELF = YES;
				CLANG_WARN_OBJC_LITERAL_CONVERSION = YES;
				CLANG_WARN_OBJC_ROOT_CLASS = YES_ERROR;
				CLANG_WARN_QUOTED_INCLUDE_IN_FRAMEWORK_HEADER = YES;
				CLANG_WARN_RANGE_LOOP_ANALYSIS = YES;
				CLANG_WARN_STRICT_PROTOTYPES = YES;
				CLANG_WARN_SUSPICIOUS_MOVE = YES;
				CLANG_WARN_UNGUARDED_AVAILABILITY = YES_AGGRESSIVE;
				CLANG_WARN_UNREACHABLE_CODE = YES;
				CLANG_WARN__DUPLICATE_METHOD_MATCH = YES;
				COPY_PHASE_STRIP = NO;
				DEBUG_INFORMATION_FORMAT = "dwarf-with-dsym";
				ENABLE_NS_ASSERTIONS = NO;
				ENABLE_STRICT_OBJC_MSGSEND = YES;
				GCC_C_LANGUAGE_STANDARD = gnu11;
				GCC_NO_COMMON_BLOCKS = YES;
				GCC_WARN_64_TO_32_BIT_CONVERSION = YES;
				GCC_WARN_ABOUT_RETURN_TYPE = YES_ERROR;
				GCC_WARN_UNDECLARED_SELECTOR = YES;
				GCC_WARN_UNINITIALIZED_AUTOS = YES_AGGRESSIVE;
				GCC_WARN_UNUSED_FUNCTION = YES;
				GCC_WARN_UNUSED_VARIABLE = YES;
				IPHONEOS_DEPLOYMENT_TARGET = 15.0;
				MTL_ENABLE_DEBUG_INFO = NO;
				MTL_FAST_MATH = YES;
				SDKROOT = iphoneos;
				SWIFT_COMPILATION_MODE = wholemodule;
				SWIFT_OPTIMIZATION_LEVEL = "-O";
				VALIDATE_PRODUCT = YES;
			};
			name = Release;
		};
		CF81511827EC4D6300556F76 /* Debug */ = {
			isa = XCBuildConfiguration;
			buildSettings = {
				ASSETCATALOG_COMPILER_APPICON_NAME = AppIcon;
				ASSETCATALOG_COMPILER_GLOBAL_ACCENT_COLOR_NAME = AccentColor;
				CODE_SIGN_STYLE = Automatic;
				CURRENT_PROJECT_VERSION = 1;
				GENERATE_INFOPLIST_FILE = YES;
				INFOPLIST_FILE = ImageRecognition/Info.plist;
				INFOPLIST_KEY_UIApplicationSupportsIndirectInputEvents = YES;
				INFOPLIST_KEY_UILaunchStoryboardName = LaunchScreen;
				INFOPLIST_KEY_UIMainStoryboardFile = Main;
				INFOPLIST_KEY_UISupportedInterfaceOrientations = UIInterfaceOrientationPortrait;
				INFOPLIST_KEY_UISupportedInterfaceOrientations_iPad = "UIInterfaceOrientationPortrait UIInterfaceOrientationPortraitUpsideDown UIInterfaceOrientationLandscapeLeft UIInterfaceOrientationLandscapeRight";
				INFOPLIST_KEY_UISupportedInterfaceOrientations_iPhone = "UIInterfaceOrientationPortrait UIInterfaceOrientationLandscapeLeft UIInterfaceOrientationLandscapeRight";
				LD_RUNPATH_SEARCH_PATHS = (
					"$(inherited)",
					"@executable_path/Frameworks",
				);
				MARKETING_VERSION = 1.0;
				PRODUCT_BUNDLE_IDENTIFIER = kitoriWorks.ImageRecognition;
				PRODUCT_NAME = "$(TARGET_NAME)";
				SWIFT_EMIT_LOC_STRINGS = YES;
				SWIFT_VERSION = 5.0;
				TARGETED_DEVICE_FAMILY = 1;
			};
			name = Debug;
		};
		CF81511927EC4D6300556F76 /* Release */ = {
			isa = XCBuildConfiguration;
			buildSettings = {
				ASSETCATALOG_COMPILER_APPICON_NAME = AppIcon;
				ASSETCATALOG_COMPILER_GLOBAL_ACCENT_COLOR_NAME = AccentColor;
				CODE_SIGN_STYLE = Automatic;
				CURRENT_PROJECT_VERSION = 1;
				GENERATE_INFOPLIST_FILE = YES;
				INFOPLIST_FILE = ImageRecognition/Info.plist;
				INFOPLIST_KEY_UIApplicationSupportsIndirectInputEvents = YES;
				INFOPLIST_KEY_UILaunchStoryboardName = LaunchScreen;
				INFOPLIST_KEY_UIMainStoryboardFile = Main;
				INFOPLIST_KEY_UISupportedInterfaceOrientations = UIInterfaceOrientationPortrait;
				INFOPLIST_KEY_UISupportedInterfaceOrientations_iPad = "UIInterfaceOrientationPortrait UIInterfaceOrientationPortraitUpsideDown UIInterfaceOrientationLandscapeLeft UIInterfaceOrientationLandscapeRight";
				INFOPLIST_KEY_UISupportedInterfaceOrientations_iPhone = "UIInterfaceOrientationPortrait UIInterfaceOrientationLandscapeLeft UIInterfaceOrientationLandscapeRight";
				LD_RUNPATH_SEARCH_PATHS = (
					"$(inherited)",
					"@executable_path/Frameworks",
				);
				MARKETING_VERSION = 1.0;
				PRODUCT_BUNDLE_IDENTIFIER = kitoriWorks.ImageRecognition;
				PRODUCT_NAME = "$(TARGET_NAME)";
				SWIFT_EMIT_LOC_STRINGS = YES;
				SWIFT_VERSION = 5.0;
				TARGETED_DEVICE_FAMILY = 1;
			};
			name = Release;
		};
/* End XCBuildConfiguration section */

/* Begin XCConfigurationList section */
		CF8150FE27EC4D6100556F76 /* Build configuration list for PBXProject "ImageRecognition" */ = {
			isa = XCConfigurationList;
			buildConfigurations = (
				CF81511527EC4D6300556F76 /* Debug */,
				CF81511627EC4D6300556F76 /* Release */,
			);
			defaultConfigurationIsVisible = 0;
			defaultConfigurationName = Release;
		};
		CF81511727EC4D6300556F76 /* Build configuration list for PBXNativeTarget "ImageRecognition" */ = {
			isa = XCConfigurationList;
			buildConfigurations = (
				CF81511827EC4D6300556F76 /* Debug */,
				CF81511927EC4D6300556F76 /* Release */,
			);
			defaultConfigurationIsVisible = 0;
			defaultConfigurationName = Release;
		};
/* End XCConfigurationList section */
	};
	rootObject = CF8150FB27EC4D6100556F76 /* Project object */;
}
