// !$*UTF8*$!
{
	archiveVersion = 1;
	classes = {
	};
	objectVersion = 55;
	objects = {

/* Begin PBXBuildFile section */
		617F7E2C27F157A600D2F4C1 /* HistoryViewController.swift in Sources */ = {isa = PBXBuildFile; fileRef = 617F7E2B27F157A600D2F4C1 /* HistoryViewController.swift */; };
		8134A39E1265DB438D4EBC90 /* Pods_ImageRecognition.framework in Frameworks */ = {isa = PBXBuildFile; fileRef = 80326DC6434946093FECE2D0 /* Pods_ImageRecognition.framework */; };
		CF2169B627F636BD00DB0D51 /* GoogleService-Info.plist in Resources */ = {isa = PBXBuildFile; fileRef = CF2169B527F636BD00DB0D51 /* GoogleService-Info.plist */; };
		CF4DC2A327F65DA400DDBA9C /* LoginViewController.swift in Sources */ = {isa = PBXBuildFile; fileRef = CF4DC2A227F65DA400DDBA9C /* LoginViewController.swift */; };
		CF4DC2A527F6CAA000DDBA9C /* RegisterViewController.swift in Sources */ = {isa = PBXBuildFile; fileRef = CF4DC2A427F6CAA000DDBA9C /* RegisterViewController.swift */; };
		CF4DC2A827F6DC3100DDBA9C /* search.swift in Sources */ = {isa = PBXBuildFile; fileRef = CF4DC2A727F6DC3100DDBA9C /* search.swift */; };
		CF6072D527EF17DE00AF3C50 /* habitatViewController.swift in Sources */ = {isa = PBXBuildFile; fileRef = CF6072D427EF17DE00AF3C50 /* habitatViewController.swift */; };
		CF81510727EC4D6200556F76 /* AppDelegate.swift in Sources */ = {isa = PBXBuildFile; fileRef = CF81510627EC4D6200556F76 /* AppDelegate.swift */; };
		CF81510927EC4D6200556F76 /* SceneDelegate.swift in Sources */ = {isa = PBXBuildFile; fileRef = CF81510827EC4D6200556F76 /* SceneDelegate.swift */; };
		CF81510B27EC4D6200556F76 /* ViewController.swift in Sources */ = {isa = PBXBuildFile; fileRef = CF81510A27EC4D6200556F76 /* ViewController.swift */; };
		CF81510E27EC4D6200556F76 /* Main.storyboard in Resources */ = {isa = PBXBuildFile; fileRef = CF81510C27EC4D6200556F76 /* Main.storyboard */; };
		CF81511027EC4D6300556F76 /* Assets.xcassets in Resources */ = {isa = PBXBuildFile; fileRef = CF81510F27EC4D6300556F76 /* Assets.xcassets */; };
		CF81511327EC4D6300556F76 /* LaunchScreen.storyboard in Resources */ = {isa = PBXBuildFile; fileRef = CF81511127EC4D6300556F76 /* LaunchScreen.storyboard */; };
		CF81511B27EC4DB800556F76 /* MobileNetV2.mlmodel in Sources */ = {isa = PBXBuildFile; fileRef = CF81511A27EC4DB800556F76 /* MobileNetV2.mlmodel */; };
		CFB45A252803DA4900584CA6 /* HelpViewController.swift in Sources */ = {isa = PBXBuildFile; fileRef = CFB45A242803DA4900584CA6 /* HelpViewController.swift */; };
		CFB45A272803DA8400584CA6 /* SettingsViewController.swift in Sources */ = {isa = PBXBuildFile; fileRef = CFB45A262803DA8400584CA6 /* SettingsViewController.swift */; };
/* End PBXBuildFile section */

/* Begin PBXFileReference section */
		4637079C23584FA4EE4B211F /* Pods-ImageRecognition.debug.xcconfig */ = {isa = PBXFileReference; includeInIndex = 1; lastKnownFileType = text.xcconfig; name = "Pods-ImageRecognition.debug.xcconfig"; path = "Target Support Files/Pods-ImageRecognition/Pods-ImageRecognition.debug.xcconfig"; sourceTree = "<group>"; };
		617F7E2B27F157A600D2F4C1 /* HistoryViewController.swift */ = {isa = PBXFileReference; lastKnownFileType = sourcecode.swift; path = HistoryViewController.swift; sourceTree = "<group>"; };
		80326DC6434946093FECE2D0 /* Pods_ImageRecognition.framework */ = {isa = PBXFileReference; explicitFileType = wrapper.framework; includeInIndex = 0; path = Pods_ImageRecognition.framework; sourceTree = BUILT_PRODUCTS_DIR; };
		8E7602012BB832A9B70E56AC /* Pods-ImageRecognition.release.xcconfig */ = {isa = PBXFileReference; includeInIndex = 1; lastKnownFileType = text.xcconfig; name = "Pods-ImageRecognition.release.xcconfig"; path = "Target Support Files/Pods-ImageRecognition/Pods-ImageRecognition.release.xcconfig"; sourceTree = "<group>"; };
		CF2169B527F636BD00DB0D51 /* GoogleService-Info.plist */ = {isa = PBXFileReference; lastKnownFileType = text.plist; path = "GoogleService-Info.plist"; sourceTree = SOURCE_ROOT; };
		CF4DC2A227F65DA400DDBA9C /* LoginViewController.swift */ = {isa = PBXFileReference; lastKnownFileType = sourcecode.swift; path = LoginViewController.swift; sourceTree = "<group>"; };
		CF4DC2A427F6CAA000DDBA9C /* RegisterViewController.swift */ = {isa = PBXFileReference; lastKnownFileType = sourcecode.swift; path = RegisterViewController.swift; sourceTree = "<group>"; };
		CF4DC2A727F6DC3100DDBA9C /* search.swift */ = {isa = PBXFileReference; lastKnownFileType = sourcecode.swift; path = search.swift; sourceTree = "<group>"; };
		CF6072D427EF17DE00AF3C50 /* habitatViewController.swift */ = {isa = PBXFileReference; lastKnownFileType = sourcecode.swift; path = habitatViewController.swift; sourceTree = "<group>"; };
		CF81510327EC4D6200556F76 /* ImageRecognition.app */ = {isa = PBXFileReference; explicitFileType = wrapper.application; includeInIndex = 0; path = ImageRecognition.app; sourceTree = BUILT_PRODUCTS_DIR; };
		CF81510627EC4D6200556F76 /* AppDelegate.swift */ = {isa = PBXFileReference; lastKnownFileType = sourcecode.swift; path = AppDelegate.swift; sourceTree = "<group>"; };
		CF81510827EC4D6200556F76 /* SceneDelegate.swift */ = {isa = PBXFileReference; lastKnownFileType = sourcecode.swift; path = SceneDelegate.swift; sourceTree = "<group>"; };
		CF81510A27EC4D6200556F76 /* ViewController.swift */ = {isa = PBXFileReference; lastKnownFileType = sourcecode.swift; path = ViewController.swift; sourceTree = "<group>"; };
		CF81510D27EC4D6200556F76 /* Base */ = {isa = PBXFileReference; lastKnownFileType = file.storyboard; name = Base; path = Base.lproj/Main.storyboard; sourceTree = "<group>"; };
		CF81510F27EC4D6300556F76 /* Assets.xcassets */ = {isa = PBXFileReference; lastKnownFileType = folder.assetcatalog; path = Assets.xcassets; sourceTree = "<group>"; };
		CF81511227EC4D6300556F76 /* Base */ = {isa = PBXFileReference; lastKnownFileType = file.storyboard; name = Base; path = Base.lproj/LaunchScreen.storyboard; sourceTree = "<group>"; };
		CF81511427EC4D6300556F76 /* Info.plist */ = {isa = PBXFileReference; lastKnownFileType = text.plist.xml; path = Info.plist; sourceTree = "<group>"; };
		CF81511A27EC4DB800556F76 /* MobileNetV2.mlmodel */ = {isa = PBXFileReference; lastKnownFileType = file.mlmodel; path = MobileNetV2.mlmodel; sourceTree = "<group>"; };
		CFB45A242803DA4900584CA6 /* HelpViewController.swift */ = {isa = PBXFileReference; lastKnownFileType = sourcecode.swift; path = HelpViewController.swift; sourceTree = "<group>"; };
		CFB45A262803DA8400584CA6 /* SettingsViewController.swift */ = {isa = PBXFileReference; lastKnownFileType = sourcecode.swift; path = SettingsViewController.swift; sourceTree = "<group>"; };
/* End PBXFileReference section */

/* Begin PBXFrameworksBuildPhase section */
		CF81510027EC4D6200556F76 /* Frameworks */ = {
			isa = PBXFrameworksBuildPhase;
			buildActionMask = 2147483647;
			files = (
				8134A39E1265DB438D4EBC90 /* Pods_ImageRecognition.framework in Frameworks */,
			);
			runOnlyForDeploymentPostprocessing = 0;
		};
/* End PBXFrameworksBuildPhase section */

/* Begin PBXGroup section */
		B26EFD2303E3288AD9A7C725 /* Frameworks */ = {
			isa = PBXGroup;
			children = (
				80326DC6434946093FECE2D0 /* Pods_ImageRecognition.framework */,
			);
			name = Frameworks;
			sourceTree = "<group>";
		};
		C34BB6EA52E87E6C2843BD25 /* Pods */ = {
			isa = PBXGroup;
			children = (
				4637079C23584FA4EE4B211F /* Pods-ImageRecognition.debug.xcconfig */,
				8E7602012BB832A9B70E56AC /* Pods-ImageRecognition.release.xcconfig */,
			);
			path = Pods;
			sourceTree = "<group>";
		};
		CF4DC2A627F6DC0C00DDBA9C /* model */ = {
			isa = PBXGroup;
			children = (
				CF4DC2A727F6DC3100DDBA9C /* search.swift */,
			);
			path = model;
			sourceTree = "<group>";
		};
		CF8150FA27EC4D6100556F76 = {
			isa = PBXGroup;
			children = (
				CF81510527EC4D6200556F76 /* ImageRecognition */,
				CF81510427EC4D6200556F76 /* Products */,
				C34BB6EA52E87E6C2843BD25 /* Pods */,
				B26EFD2303E3288AD9A7C725 /* Frameworks */,
			);
			sourceTree = "<group>";
		};
		CF81510427EC4D6200556F76 /* Products */ = {
			isa = PBXGroup;
			children = (
				CF81510327EC4D6200556F76 /* ImageRecognition.app */,
			);
			name = Products;
			sourceTree = "<group>";
		};
		CF81510527EC4D6200556F76 /* ImageRecognition */ = {
			isa = PBXGroup;
			children = (
				CF4DC2A627F6DC0C00DDBA9C /* model */,
				CF81510627EC4D6200556F76 /* AppDelegate.swift */,
				CF81510827EC4D6200556F76 /* SceneDelegate.swift */,
				CF6072D427EF17DE00AF3C50 /* habitatViewController.swift */,
				CF4DC2A227F65DA400DDBA9C /* LoginViewController.swift */,
				CF4DC2A427F6CAA000DDBA9C /* RegisterViewController.swift */,
				CF81510A27EC4D6200556F76 /* ViewController.swift */,
				617F7E2B27F157A600D2F4C1 /* HistoryViewController.swift */,
				CFB45A242803DA4900584CA6 /* HelpViewController.swift */,
				CF81510C27EC4D6200556F76 /* Main.storyboard */,
				CF81511127EC4D6300556F76 /* LaunchScreen.storyboard */,
				CF81510F27EC4D6300556F76 /* Assets.xcassets */,
				CF81511A27EC4DB800556F76 /* MobileNetV2.mlmodel */,
				CF81511427EC4D6300556F76 /* Info.plist */,
				CF2169B527F636BD00DB0D51 /* GoogleService-Info.plist */,
				CFB45A262803DA8400584CA6 /* SettingsViewController.swift */,
			);
			path = ImageRecognition;
			sourceTree = "<group>";
		};
/* End PBXGroup section */

/* Begin PBXNativeTarget section */
		CF81510227EC4D6200556F76 /* ImageRecognition */ = {
			isa = PBXNativeTarget;
			buildConfigurationList = CF81511727EC4D6300556F76 /* Build configuration list for PBXNativeTarget "ImageRecognition" */;
			buildPhases = (
				A4D6472ED795BE13A1B91627 /* [CP] Check Pods Manifest.lock */,
				CF8150FF27EC4D6200556F76 /* Sources */,
				CF81510027EC4D6200556F76 /* Frameworks */,
				CF81510127EC4D6200556F76 /* Resources */,
				248310F8BC7EBAB8320BF83F /* [CP] Embed Pods Frameworks */,
			);
			buildRules = (
			);
			dependencies = (
			);
			name = ImageRecognition;
			productName = ImageRecognition;
			productReference = CF81510327EC4D6200556F76 /* ImageRecognition.app */;
			productType = "com.apple.product-type.application";
		};
/* End PBXNativeTarget section */

/* Begin PBXProject section */
		CF8150FB27EC4D6100556F76 /* Project object */ = {
			isa = PBXProject;
			attributes = {
				BuildIndependentTargetsInParallel = 1;
				LastSwiftUpdateCheck = 1330;
				LastUpgradeCheck = 1330;
				ORGANIZATIONNAME = "";
				TargetAttributes = {
					CF81510227EC4D6200556F76 = {
						CreatedOnToolsVersion = 13.3;
					};
				};
			};
			buildConfigurationList = CF8150FE27EC4D6100556F76 /* Build configuration list for PBXProject "ImageRecognition" */;
			compatibilityVersion = "Xcode 13.0";
			developmentRegion = en;
			hasScannedForEncodings = 0;
			knownRegions = (
				en,
				Base,
			);
			mainGroup = CF8150FA27EC4D6100556F76;
			productRefGroup = CF81510427EC4D6200556F76 /* Products */;
			projectDirPath = "";
			projectRoot = "";
			targets = (
				CF81510227EC4D6200556F76 /* ImageRecognition */,
			);
		};
/* End PBXProject section */

/* Begin PBXResourcesBuildPhase section */
		CF81510127EC4D6200556F76 /* Resources */ = {
			isa = PBXResourcesBuildPhase;
			buildActionMask = 2147483647;
			files = (
				CF81511327EC4D6300556F76 /* LaunchScreen.storyboard in Resources */,
				CF2169B627F636BD00DB0D51 /* GoogleService-Info.plist in Resources */,
				CF81511027EC4D6300556F76 /* Assets.xcassets in Resources */,
				CF81510E27EC4D6200556F76 /* Main.storyboard in Resources */,
			);
			runOnlyForDeploymentPostprocessing = 0;
		};
/* End PBXResourcesBuildPhase section */

/* Begin PBXShellScriptBuildPhase section */
		248310F8BC7EBAB8320BF83F /* [CP] Embed Pods Frameworks */ = {
			isa = PBXShellScriptBuildPhase;
			buildActionMask = 2147483647;
			files = (
			);
			inputFileListPaths = (
				"${PODS_ROOT}/Target Support Files/Pods-ImageRecognition/Pods-ImageRecognition-frameworks-${CONFIGURATION}-input-files.xcfilelist",
			);
			name = "[CP] Embed Pods Frameworks";
			outputFileListPaths = (
				"${PODS_ROOT}/Target Support Files/Pods-ImageRecognition/Pods-ImageRecognition-frameworks-${CONFIGURATION}-output-files.xcfilelist",
			);
			runOnlyForDeploymentPostprocessing = 0;
			shellPath = /bin/sh;
			shellScript = "\"${PODS_ROOT}/Target Support Files/Pods-ImageRecognition/Pods-ImageRecognition-frameworks.sh\"\n";
			showEnvVarsInLog = 0;
		};
		A4D6472ED795BE13A1B91627 /* [CP] Check Pods Manifest.lock */ = {
			isa = PBXShellScriptBuildPhase;
			buildActionMask = 2147483647;
			files = (
			);
			inputFileListPaths = (
			);
			inputPaths = (
				"${PODS_PODFILE_DIR_PATH}/Podfile.lock",
				"${PODS_ROOT}/Manifest.lock",
			);
			name = "[CP] Check Pods Manifest.lock";
			outputFileListPaths = (
			);
			outputPaths = (
				"$(DERIVED_FILE_DIR)/Pods-ImageRecognition-checkManifestLockResult.txt",
			);
			runOnlyForDeploymentPostprocessing = 0;
			shellPath = /bin/sh;
			shellScript = "diff \"${PODS_PODFILE_DIR_PATH}/Podfile.lock\" \"${PODS_ROOT}/Manifest.lock\" > /dev/null\nif [ $? != 0 ] ; then\n    # print error to STDERR\n    echo \"error: The sandbox is not in sync with the Podfile.lock. Run 'pod install' or update your CocoaPods installation.\" >&2\n    exit 1\nfi\n# This output is used by Xcode 'outputs' to avoid re-running this script phase.\necho \"SUCCESS\" > \"${SCRIPT_OUTPUT_FILE_0}\"\n";
			showEnvVarsInLog = 0;
		};
/* End PBXShellScriptBuildPhase section */

/* Begin PBXSourcesBuildPhase section */
		CF8150FF27EC4D6200556F76 /* Sources */ = {
			isa = PBXSourcesBuildPhase;
			buildActionMask = 2147483647;
			files = (
				CF4DC2A527F6CAA000DDBA9C /* RegisterViewController.swift in Sources */,
				CF81510B27EC4D6200556F76 /* ViewController.swift in Sources */,
				CFB45A272803DA8400584CA6 /* SettingsViewController.swift in Sources */,
				CF81510727EC4D6200556F76 /* AppDelegate.swift in Sources */,
				CF6072D527EF17DE00AF3C50 /* habitatViewController.swift in Sources */,
				CF81511B27EC4DB800556F76 /* MobileNetV2.mlmodel in Sources */,
				CF4DC2A327F65DA400DDBA9C /* LoginViewController.swift in Sources */,
				CF4DC2A827F6DC3100DDBA9C /* search.swift in Sources */,
				CF81510927EC4D6200556F76 /* SceneDelegate.swift in Sources */,
				617F7E2C27F157A600D2F4C1 /* HistoryViewController.swift in Sources */,
				CFB45A252803DA4900584CA6 /* HelpViewController.swift in Sources */,
			);
			runOnlyForDeploymentPostprocessing = 0;
		};
/* End PBXSourcesBuildPhase section */

/* Begin PBXVariantGroup section */
		CF81510C27EC4D6200556F76 /* Main.storyboard */ = {
			isa = PBXVariantGroup;
			children = (
				CF81510D27EC4D6200556F76 /* Base */,
			);
			name = Main.storyboard;
			sourceTree = "<group>";
		};
		CF81511127EC4D6300556F76 /* LaunchScreen.storyboard */ = {
			isa = PBXVariantGroup;
			children = (
				CF81511227EC4D6300556F76 /* Base */,
			);
			name = LaunchScreen.storyboard;
			sourceTree = "<group>";
		};
/* End PBXVariantGroup section */

/* Begin XCBuildConfiguration section */
		CF81511527EC4D6300556F76 /* Debug */ = {
			isa = XCBuildConfiguration;
			buildSettings = {
				ALWAYS_SEARCH_USER_PATHS = NO;
				CLANG_ANALYZER_NONNULL = YES;
				CLANG_ANALYZER_NUMBER_OBJECT_CONVERSION = YES_AGGRESSIVE;
				CLANG_CXX_LANGUAGE_STANDARD = "gnu++17";
				CLANG_ENABLE_MODULES = YES;
				CLANG_ENABLE_OBJC_ARC = YES;
				CLANG_ENABLE_OBJC_WEAK = YES;
				CLANG_WARN_BLOCK_CAPTURE_AUTORELEASING = YES;
				CLANG_WARN_BOOL_CONVERSION = YES;
				CLANG_WARN_COMMA = YES;
				CLANG_WARN_CONSTANT_CONVERSION = YES;
				CLANG_WARN_DEPRECATED_OBJC_IMPLEMENTATIONS = YES;
				CLANG_WARN_DIRECT_OBJC_ISA_USAGE = YES_ERROR;
				CLANG_WARN_DOCUMENTATION_COMMENTS = YES;
				CLANG_WARN_EMPTY_BODY = YES;
				CLANG_WARN_ENUM_CONVERSION = YES;
				CLANG_WARN_INFINITE_RECURSION = YES;
				CLANG_WARN_INT_CONVERSION = YES;
				CLANG_WARN_NON_LITERAL_NULL_CONVERSION = YES;
				CLANG_WARN_OBJC_IMPLICIT_RETAIN_SELF = YES;
				CLANG_WARN_OBJC_LITERAL_CONVERSION = YES;
				CLANG_WARN_OBJC_ROOT_CLASS = YES_ERROR;
				CLANG_WARN_QUOTED_INCLUDE_IN_FRAMEWORK_HEADER = YES;
				CLANG_WARN_RANGE_LOOP_ANALYSIS = YES;
				CLANG_WARN_STRICT_PROTOTYPES = YES;
				CLANG_WARN_SUSPICIOUS_MOVE = YES;
				CLANG_WARN_UNGUARDED_AVAILABILITY = YES_AGGRESSIVE;
				CLANG_WARN_UNREACHABLE_CODE = YES;
				CLANG_WARN__DUPLICATE_METHOD_MATCH = YES;
				COPY_PHASE_STRIP = NO;
				DEBUG_INFORMATION_FORMAT = dwarf;
				ENABLE_STRICT_OBJC_MSGSEND = YES;
				ENABLE_TESTABILITY = YES;
				GCC_C_LANGUAGE_STANDARD = gnu11;
				GCC_DYNAMIC_NO_PIC = NO;
				GCC_NO_COMMON_BLOCKS = YES;
				GCC_OPTIMIZATION_LEVEL = 0;
				GCC_PREPROCESSOR_DEFINITIONS = (
					"DEBUG=1",
					"$(inherited)",
				);
				GCC_WARN_64_TO_32_BIT_CONVERSION = YES;
				GCC_WARN_ABOUT_RETURN_TYPE = YES_ERROR;
				GCC_WARN_UNDECLARED_SELECTOR = YES;
				GCC_WARN_UNINITIALIZED_AUTOS = YES_AGGRESSIVE;
				GCC_WARN_UNUSED_FUNCTION = YES;
				GCC_WARN_UNUSED_VARIABLE = YES;
				IPHONEOS_DEPLOYMENT_TARGET = 15.0;
				MTL_ENABLE_DEBUG_INFO = INCLUDE_SOURCE;
				MTL_FAST_MATH = YES;
				ONLY_ACTIVE_ARCH = YES;
				SDKROOT = iphoneos;
				SWIFT_ACTIVE_COMPILATION_CONDITIONS = DEBUG;
				SWIFT_OPTIMIZATION_LEVEL = "-Onone";
			};
			name = Debug;
		};
		CF81511627EC4D6300556F76 /* Release */ = {
			isa = XCBuildConfiguration;
			buildSettings = {
				ALWAYS_SEARCH_USER_PATHS = NO;
				CLANG_ANALYZER_NONNULL = YES;
				CLANG_ANALYZER_NUMBER_OBJECT_CONVERSION = YES_AGGRESSIVE;
				CLANG_CXX_LANGUAGE_STANDARD = "gnu++17";
				CLANG_ENABLE_MODULES = YES;
				CLANG_ENABLE_OBJC_ARC = YES;
				CLANG_ENABLE_OBJC_WEAK = YES;
				CLANG_WARN_BLOCK_CAPTURE_AUTORELEASING = YES;
				CLANG_WARN_BOOL_CONVERSION = YES;
				CLANG_WARN_COMMA = YES;
				CLANG_WARN_CONSTANT_CONVERSION = YES;
				CLANG_WARN_DEPRECATED_OBJC_IMPLEMENTATIONS = YES;
				CLANG_WARN_DIRECT_OBJC_ISA_USAGE = YES_ERROR;
				CLANG_WARN_DOCUMENTATION_COMMENTS = YES;
				CLANG_WARN_EMPTY_BODY = YES;
				CLANG_WARN_ENUM_CONVERSION = YES;
				CLANG_WARN_INFINITE_RECURSION = YES;
				CLANG_WARN_INT_CONVERSION = YES;
				CLANG_WARN_NON_LITERAL_NULL_CONVERSION = YES;
				CLANG_WARN_OBJC_IMPLICIT_RETAIN_SELF = YES;
				CLANG_WARN_OBJC_LITERAL_CONVERSION = YES;
				CLANG_WARN_OBJC_ROOT_CLASS = YES_ERROR;
				CLANG_WARN_QUOTED_INCLUDE_IN_FRAMEWORK_HEADER = YES;
				CLANG_WARN_RANGE_LOOP_ANALYSIS = YES;
				CLANG_WARN_STRICT_PROTOTYPES = YES;
				CLANG_WARN_SUSPICIOUS_MOVE = YES;
				CLANG_WARN_UNGUARDED_AVAILABILITY = YES_AGGRESSIVE;
				CLANG_WARN_UNREACHABLE_CODE = YES;
				CLANG_WARN__DUPLICATE_METHOD_MATCH = YES;
				COPY_PHASE_STRIP = NO;
				DEBUG_INFORMATION_FORMAT = "dwarf-with-dsym";
				ENABLE_NS_ASSERTIONS = NO;
				ENABLE_STRICT_OBJC_MSGSEND = YES;
				GCC_C_LANGUAGE_STANDARD = gnu11;
				GCC_NO_COMMON_BLOCKS = YES;
				GCC_WARN_64_TO_32_BIT_CONVERSION = YES;
				GCC_WARN_ABOUT_RETURN_TYPE = YES_ERROR;
				GCC_WARN_UNDECLARED_SELECTOR = YES;
				GCC_WARN_UNINITIALIZED_AUTOS = YES_AGGRESSIVE;
				GCC_WARN_UNUSED_FUNCTION = YES;
				GCC_WARN_UNUSED_VARIABLE = YES;
				IPHONEOS_DEPLOYMENT_TARGET = 15.0;
				MTL_ENABLE_DEBUG_INFO = NO;
				MTL_FAST_MATH = YES;
				SDKROOT = iphoneos;
				SWIFT_COMPILATION_MODE = wholemodule;
				SWIFT_OPTIMIZATION_LEVEL = "-O";
				VALIDATE_PRODUCT = YES;
			};
			name = Release;
		};
		CF81511827EC4D6300556F76 /* Debug */ = {
			isa = XCBuildConfiguration;
			baseConfigurationReference = 4637079C23584FA4EE4B211F /* Pods-ImageRecognition.debug.xcconfig */;
			buildSettings = {
				ASSETCATALOG_COMPILER_APPICON_NAME = AppIcon;
				ASSETCATALOG_COMPILER_GLOBAL_ACCENT_COLOR_NAME = AccentColor;
				CODE_SIGN_STYLE = Automatic;
				CURRENT_PROJECT_VERSION = 1;
				DEVELOPMENT_TEAM = C9C4UC8NM6;
				GENERATE_INFOPLIST_FILE = YES;
				INFOPLIST_FILE = ImageRecognition/Info.plist;
				INFOPLIST_KEY_UIApplicationSupportsIndirectInputEvents = YES;
				INFOPLIST_KEY_UILaunchStoryboardName = LaunchScreen;
				INFOPLIST_KEY_UIMainStoryboardFile = Main;
				INFOPLIST_KEY_UISupportedInterfaceOrientations = UIInterfaceOrientationPortrait;
				INFOPLIST_KEY_UISupportedInterfaceOrientations_iPad = "UIInterfaceOrientationPortrait UIInterfaceOrientationPortraitUpsideDown UIInterfaceOrientationLandscapeLeft UIInterfaceOrientationLandscapeRight";
				INFOPLIST_KEY_UISupportedInterfaceOrientations_iPhone = "UIInterfaceOrientationPortrait UIInterfaceOrientationLandscapeLeft UIInterfaceOrientationLandscapeRight";
				LD_RUNPATH_SEARCH_PATHS = (
					"$(inherited)",
					"@executable_path/Frameworks",
				);
				MARKETING_VERSION = 1.0;
				PRODUCT_BUNDLE_IDENTIFIER = kitoriWorks.ImageRecognition;
				PRODUCT_NAME = "$(TARGET_NAME)";
				SWIFT_EMIT_LOC_STRINGS = YES;
				SWIFT_VERSION = 5.0;
				TARGETED_DEVICE_FAMILY = 1;
			};
			name = Debug;
		};
		CF81511927EC4D6300556F76 /* Release */ = {
			isa = XCBuildConfiguration;
			baseConfigurationReference = 8E7602012BB832A9B70E56AC /* Pods-ImageRecognition.release.xcconfig */;
			buildSettings = {
				ASSETCATALOG_COMPILER_APPICON_NAME = AppIcon;
				ASSETCATALOG_COMPILER_GLOBAL_ACCENT_COLOR_NAME = AccentColor;
				CODE_SIGN_STYLE = Automatic;
				CURRENT_PROJECT_VERSION = 1;
				DEVELOPMENT_TEAM = C9C4UC8NM6;
				GENERATE_INFOPLIST_FILE = YES;
				INFOPLIST_FILE = ImageRecognition/Info.plist;
				INFOPLIST_KEY_UIApplicationSupportsIndirectInputEvents = YES;
				INFOPLIST_KEY_UILaunchStoryboardName = LaunchScreen;
				INFOPLIST_KEY_UIMainStoryboardFile = Main;
				INFOPLIST_KEY_UISupportedInterfaceOrientations = UIInterfaceOrientationPortrait;
				INFOPLIST_KEY_UISupportedInterfaceOrientations_iPad = "UIInterfaceOrientationPortrait UIInterfaceOrientationPortraitUpsideDown UIInterfaceOrientationLandscapeLeft UIInterfaceOrientationLandscapeRight";
				INFOPLIST_KEY_UISupportedInterfaceOrientations_iPhone = "UIInterfaceOrientationPortrait UIInterfaceOrientationLandscapeLeft UIInterfaceOrientationLandscapeRight";
				LD_RUNPATH_SEARCH_PATHS = (
					"$(inherited)",
					"@executable_path/Frameworks",
				);
				MARKETING_VERSION = 1.0;
				PRODUCT_BUNDLE_IDENTIFIER = kitoriWorks.ImageRecognition;
				PRODUCT_NAME = "$(TARGET_NAME)";
				SWIFT_EMIT_LOC_STRINGS = YES;
				SWIFT_VERSION = 5.0;
				TARGETED_DEVICE_FAMILY = 1;
			};
			name = Release;
		};
/* End XCBuildConfiguration section */

/* Begin XCConfigurationList section */
		CF8150FE27EC4D6100556F76 /* Build configuration list for PBXProject "ImageRecognition" */ = {
			isa = XCConfigurationList;
			buildConfigurations = (
				CF81511527EC4D6300556F76 /* Debug */,
				CF81511627EC4D6300556F76 /* Release */,
			);
			defaultConfigurationIsVisible = 0;
			defaultConfigurationName = Release;
		};
		CF81511727EC4D6300556F76 /* Build configuration list for PBXNativeTarget "ImageRecognition" */ = {
			isa = XCConfigurationList;
			buildConfigurations = (
				CF81511827EC4D6300556F76 /* Debug */,
				CF81511927EC4D6300556F76 /* Release */,
			);
			defaultConfigurationIsVisible = 0;
			defaultConfigurationName = Release;
		};
/* End XCConfigurationList section */
	};
	rootObject = CF8150FB27EC4D6100556F76 /* Project object */;
}
